
Microsoft Visual Studio Solution File, Format Version 12.00
# Visual Studio 15
VisualStudioVersion = 15.0.27428.2043
MinimumVisualStudioVersion = 10.0.40219.1
Project("{FAE04EC0-301F-11D3-BF4B-00C04F79EFBC}") = "SingletonDemo", "SingletonDemo\SingletonDemo.csproj", "{F5EA9D2E-D974-4010-93B3-4A3EEDF4CA90}"
EndProject
Global
	GlobalSection(SolutionConfigurationPlatforms) = preSolution
		Debug|Any CPU = Debug|Any CPU
		Release|Any CPU = Release|Any CPU
	EndGlobalSection
	GlobalSection(ProjectConfigurationPlatforms) = postSolution
		{F5EA9D2E-D974-4010-93B3-4A3EEDF4CA90}.Debug|Any CPU.ActiveCfg = Debug|Any CPU
		{F5EA9D2E-D974-4010-93B3-4A3EEDF4CA90}.Debug|Any CPU.Build.0 = Debug|Any CPU
		{F5EA9D2E-D974-4010-93B3-4A3EEDF4CA90}.Release|Any CPU.ActiveCfg = Release|Any CPU
		{F5EA9D2E-D974-4010-93B3-4A3EEDF4CA90}.Release|Any CPU.Build.0 = Release|Any CPU
	EndGlobalSection
	GlobalSection(SolutionProperties) = preSolution
		HideSolutionNode = FALSE
	EndGlobalSection
	GlobalSection(ExtensibilityGlobals) = postSolution
		SolutionGuid = {559E6E99-0FE3-4FFD-A7A3-83C49BD44CB5}
	EndGlobalSection
EndGlobal
